
Microsoft Visual Studio Solution File, Format Version 12.00
# Visual Studio 2013
VisualStudioVersion = 12.0.31101.0
MinimumVisualStudioVersion = 10.0.40219.1
Project("{FAE04EC0-301F-11D3-BF4B-00C04F79EFBC}") = "CB.MvcMenus", "CB.MvcMenus\CB.MvcMenus.csproj", "{CAF6219B-146B-45C1-AE3D-3DB4498F6740}"
EndProject
Global
	GlobalSection(SolutionConfigurationPlatforms) = preSolution
		Debug|Any CPU = Debug|Any CPU
		Release|Any CPU = Release|Any CPU
	EndGlobalSection
	GlobalSection(ProjectConfigurationPlatforms) = postSolution
		{CAF6219B-146B-45C1-AE3D-3DB4498F6740}.Debug|Any CPU.ActiveCfg = Debug|Any CPU
		{CAF6219B-146B-45C1-AE3D-3DB4498F6740}.Debug|Any CPU.Build.0 = Debug|Any CPU
		{CAF6219B-146B-45C1-AE3D-3DB4498F6740}.Release|Any CPU.ActiveCfg = Release|Any CPU
		{CAF6219B-146B-45C1-AE3D-3DB4498F6740}.Release|Any CPU.Build.0 = Release|Any CPU
	EndGlobalSection
	GlobalSection(SolutionProperties) = preSolution
		HideSolutionNode = FALSE
	EndGlobalSection
EndGlobal
